// !$*UTF8*$!
{
	archiveVersion = 1;
	classes = {
	};
	objectVersion = 46;
	objects = {

/* Begin PBXBuildFile section */
		68D32AF91D8707BE00371E5C /* AppDelegate.swift in Sources */ = {isa = PBXBuildFile; fileRef = 68D32AF81D8707BE00371E5C /* AppDelegate.swift */; };
		68D32AFB1D8707BE00371E5C /* ViewController.swift in Sources */ = {isa = PBXBuildFile; fileRef = 68D32AFA1D8707BE00371E5C /* ViewController.swift */; };
		68D32AFE1D8707BE00371E5C /* Main.storyboard in Resources */ = {isa = PBXBuildFile; fileRef = 68D32AFC1D8707BE00371E5C /* Main.storyboard */; };
		68D32B001D8707BE00371E5C /* Assets.xcassets in Resources */ = {isa = PBXBuildFile; fileRef = 68D32AFF1D8707BE00371E5C /* Assets.xcassets */; };
		68D32B031D8707BE00371E5C /* LaunchScreen.storyboard in Resources */ = {isa = PBXBuildFile; fileRef = 68D32B011D8707BE00371E5C /* LaunchScreen.storyboard */; };
		68D32B0E1D8707BE00371E5C /* HomepwnerTests.swift in Sources */ = {isa = PBXBuildFile; fileRef = 68D32B0D1D8707BE00371E5C /* HomepwnerTests.swift */; };
		68D32B191D8707BE00371E5C /* HomepwnerUITests.swift in Sources */ = {isa = PBXBuildFile; fileRef = 68D32B181D8707BE00371E5C /* HomepwnerUITests.swift */; };
/* End PBXBuildFile section */

/* Begin PBXContainerItemProxy section */
		68D32B0A1D8707BE00371E5C /* PBXContainerItemProxy */ = {
			isa = PBXContainerItemProxy;
			containerPortal = 68D32AED1D8707BE00371E5C /* Project object */;
			proxyType = 1;
			remoteGlobalIDString = 68D32AF41D8707BE00371E5C;
			remoteInfo = Homepwner;
		};
		68D32B151D8707BE00371E5C /* PBXContainerItemProxy */ = {
			isa = PBXContainerItemProxy;
			containerPortal = 68D32AED1D8707BE00371E5C /* Project object */;
			proxyType = 1;
			remoteGlobalIDString = 68D32AF41D8707BE00371E5C;
			remoteInfo = Homepwner;
		};
/* End PBXContainerItemProxy section */

/* Begin PBXFileReference section */
		68D32AF51D8707BE00371E5C /* Homepwner.app */ = {isa = PBXFileReference; explicitFileType = wrapper.application; includeInIndex = 0; path = Homepwner.app; sourceTree = BUILT_PRODUCTS_DIR; };
		68D32AF81D8707BE00371E5C /* AppDelegate.swift */ = {isa = PBXFileReference; lastKnownFileType = sourcecode.swift; path = AppDelegate.swift; sourceTree = "<group>"; };
		68D32AFA1D8707BE00371E5C /* ViewController.swift */ = {isa = PBXFileReference; lastKnownFileType = sourcecode.swift; path = ViewController.swift; sourceTree = "<group>"; };
		68D32AFD1D8707BE00371E5C /* Base */ = {isa = PBXFileReference; lastKnownFileType = file.storyboard; name = Base; path = Base.lproj/Main.storyboard; sourceTree = "<group>"; };
		68D32AFF1D8707BE00371E5C /* Assets.xcassets */ = {isa = PBXFileReference; lastKnownFileType = folder.assetcatalog; path = Assets.xcassets; sourceTree = "<group>"; };
		68D32B021D8707BE00371E5C /* Base */ = {isa = PBXFileReference; lastKnownFileType = file.storyboard; name = Base; path = Base.lproj/LaunchScreen.storyboard; sourceTree = "<group>"; };
		68D32B041D8707BE00371E5C /* Info.plist */ = {isa = PBXFileReference; lastKnownFileType = text.plist.xml; path = Info.plist; sourceTree = "<group>"; };
		68D32B091D8707BE00371E5C /* HomepwnerTests.xctest */ = {isa = PBXFileReference; explicitFileType = wrapper.cfbundle; includeInIndex = 0; path = HomepwnerTests.xctest; sourceTree = BUILT_PRODUCTS_DIR; };
		68D32B0D1D8707BE00371E5C /* HomepwnerTests.swift */ = {isa = PBXFileReference; lastKnownFileType = sourcecode.swift; path = HomepwnerTests.swift; sourceTree = "<group>"; };
		68D32B0F1D8707BE00371E5C /* Info.plist */ = {isa = PBXFileReference; lastKnownFileType = text.plist.xml; path = Info.plist; sourceTree = "<group>"; };
		68D32B141D8707BE00371E5C /* HomepwnerUITests.xctest */ = {isa = PBXFileReference; explicitFileType = wrapper.cfbundle; includeInIndex = 0; path = HomepwnerUITests.xctest; sourceTree = BUILT_PRODUCTS_DIR; };
		68D32B181D8707BE00371E5C /* HomepwnerUITests.swift */ = {isa = PBXFileReference; lastKnownFileType = sourcecode.swift; path = HomepwnerUITests.swift; sourceTree = "<group>"; };
		68D32B1A1D8707BE00371E5C /* Info.plist */ = {isa = PBXFileReference; lastKnownFileType = text.plist.xml; path = Info.plist; sourceTree = "<group>"; };
/* End PBXFileReference section */

/* Begin PBXFrameworksBuildPhase section */
		68D32AF21D8707BE00371E5C /* Frameworks */ = {
			isa = PBXFrameworksBuildPhase;
			buildActionMask = 2147483647;
			files = (
			);
			runOnlyForDeploymentPostprocessing = 0;
		};
		68D32B061D8707BE00371E5C /* Frameworks */ = {
			isa = PBXFrameworksBuildPhase;
			buildActionMask = 2147483647;
			files = (
			);
			runOnlyForDeploymentPostprocessing = 0;
		};
		68D32B111D8707BE00371E5C /* Frameworks */ = {
			isa = PBXFrameworksBuildPhase;
			buildActionMask = 2147483647;
			files = (
			);
			runOnlyForDeploymentPostprocessing = 0;
		};
/* End PBXFrameworksBuildPhase section */

/* Begin PBXGroup section */
		68D32AEC1D8707BE00371E5C = {
			isa = PBXGroup;
			children = (
				68D32AF71D8707BE00371E5C /* Homepwner */,
				68D32B0C1D8707BE00371E5C /* HomepwnerTests */,
				68D32B171D8707BE00371E5C /* HomepwnerUITests */,
				68D32AF61D8707BE00371E5C /* Products */,
			);
			sourceTree = "<group>";
		};
		68D32AF61D8707BE00371E5C /* Products */ = {
			isa = PBXGroup;
			children = (
				68D32AF51D8707BE00371E5C /* Homepwner.app */,
				68D32B091D8707BE00371E5C /* HomepwnerTests.xctest */,
				68D32B141D8707BE00371E5C /* HomepwnerUITests.xctest */,
			);
			name = Products;
			sourceTree = "<group>";
		};
		68D32AF71D8707BE00371E5C /* Homepwner */ = {
			isa = PBXGroup;
			children = (
				68D32AF81D8707BE00371E5C /* AppDelegate.swift */,
				68D32AFA1D8707BE00371E5C /* ViewController.swift */,
				68D32AFC1D8707BE00371E5C /* Main.storyboard */,
				68D32AFF1D8707BE00371E5C /* Assets.xcassets */,
				68D32B011D8707BE00371E5C /* LaunchScreen.storyboard */,
				68D32B041D8707BE00371E5C /* Info.plist */,
			);
			path = Homepwner;
			sourceTree = "<group>";
		};
		68D32B0C1D8707BE00371E5C /* HomepwnerTests */ = {
			isa = PBXGroup;
			children = (
				68D32B0D1D8707BE00371E5C /* HomepwnerTests.swift */,
				68D32B0F1D8707BE00371E5C /* Info.plist */,
			);
			path = HomepwnerTests;
			sourceTree = "<group>";
		};
		68D32B171D8707BE00371E5C /* HomepwnerUITests */ = {
			isa = PBXGroup;
			children = (
				68D32B181D8707BE00371E5C /* HomepwnerUITests.swift */,
				68D32B1A1D8707BE00371E5C /* Info.plist */,
			);
			path = HomepwnerUITests;
			sourceTree = "<group>";
		};
/* End PBXGroup section */

/* Begin PBXNativeTarget section */
		68D32AF41D8707BE00371E5C /* Homepwner */ = {
			isa = PBXNativeTarget;
			buildConfigurationList = 68D32B1D1D8707BE00371E5C /* Build configuration list for PBXNativeTarget "Homepwner" */;
			buildPhases = (
				68D32AF11D8707BE00371E5C /* Sources */,
				68D32AF21D8707BE00371E5C /* Frameworks */,
				68D32AF31D8707BE00371E5C /* Resources */,
			);
			buildRules = (
			);
			dependencies = (
			);
			name = Homepwner;
			productName = Homepwner;
			productReference = 68D32AF51D8707BE00371E5C /* Homepwner.app */;
			productType = "com.apple.product-type.application";
		};
		68D32B081D8707BE00371E5C /* HomepwnerTests */ = {
			isa = PBXNativeTarget;
			buildConfigurationList = 68D32B201D8707BE00371E5C /* Build configuration list for PBXNativeTarget "HomepwnerTests" */;
			buildPhases = (
				68D32B051D8707BE00371E5C /* Sources */,
				68D32B061D8707BE00371E5C /* Frameworks */,
				68D32B071D8707BE00371E5C /* Resources */,
			);
			buildRules = (
			);
			dependencies = (
				68D32B0B1D8707BE00371E5C /* PBXTargetDependency */,
			);
			name = HomepwnerTests;
			productName = HomepwnerTests;
			productReference = 68D32B091D8707BE00371E5C /* HomepwnerTests.xctest */;
			productType = "com.apple.product-type.bundle.unit-test";
		};
		68D32B131D8707BE00371E5C /* HomepwnerUITests */ = {
			isa = PBXNativeTarget;
			buildConfigurationList = 68D32B231D8707BE00371E5C /* Build configuration list for PBXNativeTarget "HomepwnerUITests" */;
			buildPhases = (
				68D32B101D8707BE00371E5C /* Sources */,
				68D32B111D8707BE00371E5C /* Frameworks */,
				68D32B121D8707BE00371E5C /* Resources */,
			);
			buildRules = (
			);
			dependencies = (
				68D32B161D8707BE00371E5C /* PBXTargetDependency */,
			);
			name = HomepwnerUITests;
			productName = HomepwnerUITests;
			productReference = 68D32B141D8707BE00371E5C /* HomepwnerUITests.xctest */;
			productType = "com.apple.product-type.bundle.ui-testing";
		};
/* End PBXNativeTarget section */

/* Begin PBXProject section */
		68D32AED1D8707BE00371E5C /* Project object */ = {
			isa = PBXProject;
			attributes = {
				LastSwiftUpdateCheck = 0730;
				LastUpgradeCheck = 0730;
				ORGANIZATIONNAME = "Smile Machine";
				TargetAttributes = {
					68D32AF41D8707BE00371E5C = {
						CreatedOnToolsVersion = 7.3.1;
						DevelopmentTeam = L3QZJU3LP7;
					};
					68D32B081D8707BE00371E5C = {
						CreatedOnToolsVersion = 7.3.1;
						DevelopmentTeam = L3QZJU3LP7;
						TestTargetID = 68D32AF41D8707BE00371E5C;
					};
					68D32B131D8707BE00371E5C = {
						CreatedOnToolsVersion = 7.3.1;
						DevelopmentTeam = L3QZJU3LP7;
						TestTargetID = 68D32AF41D8707BE00371E5C;
					};
				};
			};
			buildConfigurationList = 68D32AF01D8707BE00371E5C /* Build configuration list for PBXProject "Homepwner" */;
			compatibilityVersion = "Xcode 3.2";
			developmentRegion = English;
			hasScannedForEncodings = 0;
			knownRegions = (
				en,
				Base,
			);
			mainGroup = 68D32AEC1D8707BE00371E5C;
			productRefGroup = 68D32AF61D8707BE00371E5C /* Products */;
			projectDirPath = "";
			projectRoot = "";
			targets = (
				68D32AF41D8707BE00371E5C /* Homepwner */,
				68D32B081D8707BE00371E5C /* HomepwnerTests */,
				68D32B131D8707BE00371E5C /* HomepwnerUITests */,
			);
		};
/* End PBXProject section */

/* Begin PBXResourcesBuildPhase section */
		68D32AF31D8707BE00371E5C /* Resources */ = {
			isa = PBXResourcesBuildPhase;
			buildActionMask = 2147483647;
			files = (
				68D32B031D8707BE00371E5C /* LaunchScreen.storyboard in Resources */,
				68D32B001D8707BE00371E5C /* Assets.xcassets in Resources */,
				68D32AFE1D8707BE00371E5C /* Main.storyboard in Resources */,
			);
			runOnlyForDeploymentPostprocessing = 0;
		};
		68D32B071D8707BE00371E5C /* Resources */ = {
			isa = PBXResourcesBuildPhase;
			buildActionMask = 2147483647;
			files = (
			);
			runOnlyForDeploymentPostprocessing = 0;
		};
		68D32B121D8707BE00371E5C /* Resources */ = {
			isa = PBXResourcesBuildPhase;
			buildActionMask = 2147483647;
			files = (
			);
			runOnlyForDeploymentPostprocessing = 0;
		};
/* End PBXResourcesBuildPhase section */

/* Begin PBXSourcesBuildPhase section */
		68D32AF11D8707BE00371E5C /* Sources */ = {
			isa = PBXSourcesBuildPhase;
			buildActionMask = 2147483647;
			files = (
				68D32AFB1D8707BE00371E5C /* ViewController.swift in Sources */,
				68D32AF91D8707BE00371E5C /* AppDelegate.swift in Sources */,
			);
			runOnlyForDeploymentPostprocessing = 0;
		};
		68D32B051D8707BE00371E5C /* Sources */ = {
			isa = PBXSourcesBuildPhase;
			buildActionMask = 2147483647;
			files = (
				68D32B0E1D8707BE00371E5C /* HomepwnerTests.swift in Sources */,
			);
			runOnlyForDeploymentPostprocessing = 0;
		};
		68D32B101D8707BE00371E5C /* Sources */ = {
			isa = PBXSourcesBuildPhase;
			buildActionMask = 2147483647;
			files = (
				68D32B191D8707BE00371E5C /* HomepwnerUITests.swift in Sources */,
			);
			runOnlyForDeploymentPostprocessing = 0;
		};
/* End PBXSourcesBuildPhase section */

/* Begin PBXTargetDependency section */
		68D32B0B1D8707BE00371E5C /* PBXTargetDependency */ = {
			isa = PBXTargetDependency;
			target = 68D32AF41D8707BE00371E5C /* Homepwner */;
			targetProxy = 68D32B0A1D8707BE00371E5C /* PBXContainerItemProxy */;
		};
		68D32B161D8707BE00371E5C /* PBXTargetDependency */ = {
			isa = PBXTargetDependency;
			target = 68D32AF41D8707BE00371E5C /* Homepwner */;
			targetProxy = 68D32B151D8707BE00371E5C /* PBXContainerItemProxy */;
		};
/* End PBXTargetDependency section */

/* Begin PBXVariantGroup section */
		68D32AFC1D8707BE00371E5C /* Main.storyboard */ = {
			isa = PBXVariantGroup;
			children = (
				68D32AFD1D8707BE00371E5C /* Base */,
			);
			name = Main.storyboard;
			sourceTree = "<group>";
		};
		68D32B011D8707BE00371E5C /* LaunchScreen.storyboard */ = {
			isa = PBXVariantGroup;
			children = (
				68D32B021D8707BE00371E5C /* Base */,
			);
			name = LaunchScreen.storyboard;
			sourceTree = "<group>";
		};
/* End PBXVariantGroup section */

/* Begin XCBuildConfiguration section */
		68D32B1B1D8707BE00371E5C /* Debug */ = {
			isa = XCBuildConfiguration;
			buildSettings = {
				ALWAYS_SEARCH_USER_PATHS = NO;
				CLANG_ANALYZER_NONNULL = YES;
				CLANG_CXX_LANGUAGE_STANDARD = "gnu++0x";
				CLANG_CXX_LIBRARY = "libc++";
				CLANG_ENABLE_MODULES = YES;
				CLANG_ENABLE_OBJC_ARC = YES;
				CLANG_WARN_BOOL_CONVERSION = YES;
				CLANG_WARN_CONSTANT_CONVERSION = YES;
				CLANG_WARN_DIRECT_OBJC_ISA_USAGE = YES_ERROR;
				CLANG_WARN_EMPTY_BODY = YES;
				CLANG_WARN_ENUM_CONVERSION = YES;
				CLANG_WARN_INT_CONVERSION = YES;
				CLANG_WARN_OBJC_ROOT_CLASS = YES_ERROR;
				CLANG_WARN_UNREACHABLE_CODE = YES;
				CLANG_WARN__DUPLICATE_METHOD_MATCH = YES;
				"CODE_SIGN_IDENTITY[sdk=iphoneos*]" = "iPhone Developer";
				COPY_PHASE_STRIP = NO;
				DEBUG_INFORMATION_FORMAT = dwarf;
				ENABLE_STRICT_OBJC_MSGSEND = YES;
				ENABLE_TESTABILITY = YES;
				GCC_C_LANGUAGE_STANDARD = gnu99;
				GCC_DYNAMIC_NO_PIC = NO;
				GCC_NO_COMMON_BLOCKS = YES;
				GCC_OPTIMIZATION_LEVEL = 0;
				GCC_PREPROCESSOR_DEFINITIONS = (
					"DEBUG=1",
					"$(inherited)",
				);
				GCC_WARN_64_TO_32_BIT_CONVERSION = YES;
				GCC_WARN_ABOUT_RETURN_TYPE = YES_ERROR;
				GCC_WARN_UNDECLARED_SELECTOR = YES;
				GCC_WARN_UNINITIALIZED_AUTOS = YES_AGGRESSIVE;
				GCC_WARN_UNUSED_FUNCTION = YES;
				GCC_WARN_UNUSED_VARIABLE = YES;
				IPHONEOS_DEPLOYMENT_TARGET = 9.3;
				MTL_ENABLE_DEBUG_INFO = YES;
				ONLY_ACTIVE_ARCH = YES;
				SDKROOT = iphoneos;
				SWIFT_OPTIMIZATION_LEVEL = "-Onone";
				TARGETED_DEVICE_FAMILY = "1,2";
			};
			name = Debug;
		};
		68D32B1C1D8707BE00371E5C /* Release */ = {
			isa = XCBuildConfiguration;
			buildSettings = {
				ALWAYS_SEARCH_USER_PATHS = NO;
				CLANG_ANALYZER_NONNULL = YES;
				CLANG_CXX_LANGUAGE_STANDARD = "gnu++0x";
				CLANG_CXX_LIBRARY = "libc++";
				CLANG_ENABLE_MODULES = YES;
				CLANG_ENABLE_OBJC_ARC = YES;
				CLANG_WARN_BOOL_CONVERSION = YES;
				CLANG_WARN_CONSTANT_CONVERSION = YES;
				CLANG_WARN_DIRECT_OBJC_ISA_USAGE = YES_ERROR;
				CLANG_WARN_EMPTY_BODY = YES;
				CLANG_WARN_ENUM_CONVERSION = YES;
				CLANG_WARN_INT_CONVERSION = YES;
				CLANG_WARN_OBJC_ROOT_CLASS = YES_ERROR;
				CLANG_WARN_UNREACHABLE_CODE = YES;
				CLANG_WARN__DUPLICATE_METHOD_MATCH = YES;
				"CODE_SIGN_IDENTITY[sdk=iphoneos*]" = "iPhone Developer";
				COPY_PHASE_STRIP = NO;
				DEBUG_INFORMATION_FORMAT = "dwarf-with-dsym";
				ENABLE_NS_ASSERTIONS = NO;
				ENABLE_STRICT_OBJC_MSGSEND = YES;
				GCC_C_LANGUAGE_STANDARD = gnu99;
				GCC_NO_COMMON_BLOCKS = YES;
				GCC_WARN_64_TO_32_BIT_CONVERSION = YES;
				GCC_WARN_ABOUT_RETURN_TYPE = YES_ERROR;
				GCC_WARN_UNDECLARED_SELECTOR = YES;
				GCC_WARN_UNINITIALIZED_AUTOS = YES_AGGRESSIVE;
				GCC_WARN_UNUSED_FUNCTION = YES;
				GCC_WARN_UNUSED_VARIABLE = YES;
				IPHONEOS_DEPLOYMENT_TARGET = 9.3;
				MTL_ENABLE_DEBUG_INFO = NO;
				SDKROOT = iphoneos;
				TARGETED_DEVICE_FAMILY = "1,2";
				VALIDATE_PRODUCT = YES;
			};
			name = Release;
		};
		68D32B1E1D8707BE00371E5C /* Debug */ = {
			isa = XCBuildConfiguration;
			buildSettings = {
				ASSETCATALOG_COMPILER_APPICON_NAME = AppIcon;
				INFOPLIST_FILE = Homepwner/Info.plist;
				LD_RUNPATH_SEARCH_PATHS = "$(inherited) @executable_path/Frameworks";
				PRODUCT_BUNDLE_IDENTIFIER = com.smilemachine.Homepwner;
				PRODUCT_NAME = "$(TARGET_NAME)";
			};
			name = Debug;
		};
		68D32B1F1D8707BE00371E5C /* Release */ = {
			isa = XCBuildConfiguration;
			buildSettings = {
				ASSETCATALOG_COMPILER_APPICON_NAME = AppIcon;
				INFOPLIST_FILE = Homepwner/Info.plist;
				LD_RUNPATH_SEARCH_PATHS = "$(inherited) @executable_path/Frameworks";
				PRODUCT_BUNDLE_IDENTIFIER = com.smilemachine.Homepwner;
				PRODUCT_NAME = "$(TARGET_NAME)";
			};
			name = Release;
		};
		68D32B211D8707BE00371E5C /* Debug */ = {
			isa = XCBuildConfiguration;
			buildSettings = {
				BUNDLE_LOADER = "$(TEST_HOST)";
				INFOPLIST_FILE = HomepwnerTests/Info.plist;
				LD_RUNPATH_SEARCH_PATHS = "$(inherited) @executable_path/Frameworks @loader_path/Frameworks";
				PRODUCT_BUNDLE_IDENTIFIER = com.smilemachine.HomepwnerTests;
				PRODUCT_NAME = "$(TARGET_NAME)";
				TEST_HOST = "$(BUILT_PRODUCTS_DIR)/Homepwner.app/Homepwner";
			};
			name = Debug;
		};
		68D32B221D8707BE00371E5C /* Release */ = {
			isa = XCBuildConfiguration;
			buildSettings = {
				BUNDLE_LOADER = "$(TEST_HOST)";
				INFOPLIST_FILE = HomepwnerTests/Info.plist;
				LD_RUNPATH_SEARCH_PATHS = "$(inherited) @executable_path/Frameworks @loader_path/Frameworks";
				PRODUCT_BUNDLE_IDENTIFIER = com.smilemachine.HomepwnerTests;
				PRODUCT_NAME = "$(TARGET_NAME)";
				TEST_HOST = "$(BUILT_PRODUCTS_DIR)/Homepwner.app/Homepwner";
			};
			name = Release;
		};
		68D32B241D8707BE00371E5C /* Debug */ = {
			isa = XCBuildConfiguration;
			buildSettings = {
				INFOPLIST_FILE = HomepwnerUITests/Info.plist;
				LD_RUNPATH_SEARCH_PATHS = "$(inherited) @executable_path/Frameworks @loader_path/Frameworks";
				PRODUCT_BUNDLE_IDENTIFIER = com.smilemachine.HomepwnerUITests;
				PRODUCT_NAME = "$(TARGET_NAME)";
				TEST_TARGET_NAME = Homepwner;
			};
			name = Debug;
		};
		68D32B251D8707BE00371E5C /* Release */ = {
			isa = XCBuildConfiguration;
			buildSettings = {
				INFOPLIST_FILE = HomepwnerUITests/Info.plist;
				LD_RUNPATH_SEARCH_PATHS = "$(inherited) @executable_path/Frameworks @loader_path/Frameworks";
				PRODUCT_BUNDLE_IDENTIFIER = com.smilemachine.HomepwnerUITests;
				PRODUCT_NAME = "$(TARGET_NAME)";
				TEST_TARGET_NAME = Homepwner;
			};
			name = Release;
		};
/* End XCBuildConfiguration section */

/* Begin XCConfigurationList section */
		68D32AF01D8707BE00371E5C /* Build configuration list for PBXProject "Homepwner" */ = {
			isa = XCConfigurationList;
			buildConfigurations = (
				68D32B1B1D8707BE00371E5C /* Debug */,
				68D32B1C1D8707BE00371E5C /* Release */,
			);
			defaultConfigurationIsVisible = 0;
			defaultConfigurationName = Release;
		};
		68D32B1D1D8707BE00371E5C /* Build configuration list for PBXNativeTarget "Homepwner" */ = {
			isa = XCConfigurationList;
			buildConfigurations = (
				68D32B1E1D8707BE00371E5C /* Debug */,
				68D32B1F1D8707BE00371E5C /* Release */,
			);
			defaultConfigurationIsVisible = 0;
		};
		68D32B201D8707BE00371E5C /* Build configuration list for PBXNativeTarget "HomepwnerTests" */ = {
			isa = XCConfigurationList;
			buildConfigurations = (
				68D32B211D8707BE00371E5C /* Debug */,
				68D32B221D8707BE00371E5C /* Release */,
			);
			defaultConfigurationIsVisible = 0;
		};
		68D32B231D8707BE00371E5C /* Build configuration list for PBXNativeTarget "HomepwnerUITests" */ = {
			isa = XCConfigurationList;
			buildConfigurations = (
				68D32B241D8707BE00371E5C /* Debug */,
				68D32B251D8707BE00371E5C /* Release */,
			);
			defaultConfigurationIsVisible = 0;
		};
/* End XCConfigurationList section */
	};
	rootObject = 68D32AED1D8707BE00371E5C /* Project object */;
}
